
Microsoft Visual Studio Solution File, Format Version 12.00
# Visual Studio 15
VisualStudioVersion = 15.0.25807.0
MinimumVisualStudioVersion = 10.0.40219.1
Project("{2150E333-8FDC-42A3-9474-1A3956D46DE8}") = "Engine", "Engine", "{5791D7D7-1E47-4CC9-9D4C-F514308026D0}"
EndProject
Project("{2150E333-8FDC-42A3-9474-1A3956D46DE8}") = "Games", "Games", "{4D3D832C-4252-4429-96B4-8512726326EC}"
EndProject
Project("{8BC9CEB8-8B4A-11D0-8D11-00A0C91BC942}") = "UE4", "Intermediate\ProjectFiles\UE4.vcxproj", "{DFECA4A8-17BD-4334-AC00-298AE04252E7}"
EndProject
Project("{8BC9CEB8-8B4A-11D0-8D11-00A0C91BC942}") = "LegendOfGus", "Intermediate\ProjectFiles\LegendOfGus.vcxproj", "{F29D39F9-A0BB-4397-A136-3C526BB376F9}"
EndProject
Project("{2150E333-8FDC-42A3-9474-1A3956D46DE8}") = "Visualizers", "Visualizers", "{CB0BC07A-0408-4C21-8FDC-9AE31D5DA38E}"
	ProjectSection(SolutionItems) = preProject
		..\..\..\..\Program Files\epic games\UE_4.24\Engine\Extras\VisualStudioDebugging\UE4.natvis = ..\..\..\..\Program Files\epic games\UE_4.24\Engine\Extras\VisualStudioDebugging\UE4.natvis
	EndProjectSection
EndProject
Global
	GlobalSection(SolutionConfigurationPlatforms) = preSolution
		DebugGame Editor|Win32 = DebugGame Editor|Win32
		DebugGame Editor|Win64 = DebugGame Editor|Win64
		DebugGame|Win32 = DebugGame|Win32
		DebugGame|Win64 = DebugGame|Win64
		Development Editor|Win32 = Development Editor|Win32
		Development Editor|Win64 = Development Editor|Win64
		Development|Win32 = Development|Win32
		Development|Win64 = Development|Win64
		Shipping|Win32 = Shipping|Win32
		Shipping|Win64 = Shipping|Win64
	EndGlobalSection
	GlobalSection(ProjectConfigurationPlatforms) = postSolution
		{DFECA4A8-17BD-4334-AC00-298AE04252E7}.DebugGame Editor|Win32.ActiveCfg = BuiltWithUnrealBuildTool|Win32
		{DFECA4A8-17BD-4334-AC00-298AE04252E7}.DebugGame Editor|Win64.ActiveCfg = BuiltWithUnrealBuildTool|Win32
		{DFECA4A8-17BD-4334-AC00-298AE04252E7}.DebugGame|Win32.ActiveCfg = BuiltWithUnrealBuildTool|Win32
		{DFECA4A8-17BD-4334-AC00-298AE04252E7}.DebugGame|Win64.ActiveCfg = BuiltWithUnrealBuildTool|Win32
		{DFECA4A8-17BD-4334-AC00-298AE04252E7}.Development Editor|Win32.ActiveCfg = BuiltWithUnrealBuildTool|Win32
		{DFECA4A8-17BD-4334-AC00-298AE04252E7}.Development Editor|Win64.ActiveCfg = BuiltWithUnrealBuildTool|Win32
		{DFECA4A8-17BD-4334-AC00-298AE04252E7}.Development|Win32.ActiveCfg = BuiltWithUnrealBuildTool|Win32
		{DFECA4A8-17BD-4334-AC00-298AE04252E7}.Development|Win64.ActiveCfg = BuiltWithUnrealBuildTool|Win32
		{DFECA4A8-17BD-4334-AC00-298AE04252E7}.Shipping|Win32.ActiveCfg = BuiltWithUnrealBuildTool|Win32
		{DFECA4A8-17BD-4334-AC00-298AE04252E7}.Shipping|Win64.ActiveCfg = BuiltWithUnrealBuildTool|Win32
		{F29D39F9-A0BB-4397-A136-3C526BB376F9}.DebugGame Editor|Win32.ActiveCfg = Invalid|Win32
		{F29D39F9-A0BB-4397-A136-3C526BB376F9}.DebugGame Editor|Win64.ActiveCfg = DebugGame_Editor|x64
		{F29D39F9-A0BB-4397-A136-3C526BB376F9}.DebugGame Editor|Win64.Build.0 = DebugGame_Editor|x64
		{F29D39F9-A0BB-4397-A136-3C526BB376F9}.DebugGame|Win32.ActiveCfg = DebugGame|Win32
		{F29D39F9-A0BB-4397-A136-3C526BB376F9}.DebugGame|Win32.Build.0 = DebugGame|Win32
		{F29D39F9-A0BB-4397-A136-3C526BB376F9}.DebugGame|Win64.ActiveCfg = DebugGame|x64
		{F29D39F9-A0BB-4397-A136-3C526BB376F9}.DebugGame|Win64.Build.0 = DebugGame|x64
		{F29D39F9-A0BB-4397-A136-3C526BB376F9}.Development Editor|Win32.ActiveCfg = Invalid|Win32
		{F29D39F9-A0BB-4397-A136-3C526BB376F9}.Development Editor|Win64.ActiveCfg = Development_Editor|x64
		{F29D39F9-A0BB-4397-A136-3C526BB376F9}.Development Editor|Win64.Build.0 = Development_Editor|x64
		{F29D39F9-A0BB-4397-A136-3C526BB376F9}.Development|Win32.ActiveCfg = Development|Win32
		{F29D39F9-A0BB-4397-A136-3C526BB376F9}.Development|Win32.Build.0 = Development|Win32
		{F29D39F9-A0BB-4397-A136-3C526BB376F9}.Development|Win64.ActiveCfg = Development|x64
		{F29D39F9-A0BB-4397-A136-3C526BB376F9}.Development|Win64.Build.0 = Development|x64
		{F29D39F9-A0BB-4397-A136-3C526BB376F9}.Shipping|Win32.ActiveCfg = Shipping|Win32
		{F29D39F9-A0BB-4397-A136-3C526BB376F9}.Shipping|Win32.Build.0 = Shipping|Win32
		{F29D39F9-A0BB-4397-A136-3C526BB376F9}.Shipping|Win64.ActiveCfg = Shipping|x64
		{F29D39F9-A0BB-4397-A136-3C526BB376F9}.Shipping|Win64.Build.0 = Shipping|x64
	EndGlobalSection
	GlobalSection(SolutionProperties) = preSolution
		HideSolutionNode = FALSE
	EndGlobalSection
	GlobalSection(NestedProjects) = preSolution
		{DFECA4A8-17BD-4334-AC00-298AE04252E7} = {5791D7D7-1E47-4CC9-9D4C-F514308026D0}
		{F29D39F9-A0BB-4397-A136-3C526BB376F9} = {4D3D832C-4252-4429-96B4-8512726326EC}
	EndGlobalSection
EndGlobal
